
Microsoft Visual Studio Solution File, Format Version 12.00
# Visual Studio Version 16
VisualStudioVersion = 16.0.31313.79
MinimumVisualStudioVersion = 10.0.40219.1
Project("{FAE04EC0-301F-11D3-BF4B-00C04F79EFBC}") = "Exercise1", "Exercise1.csproj", "{4176CEE3-B592-465B-95D8-EDAAAE096C63}"
EndProject
Project("{FAE04EC0-301F-11D3-BF4B-00C04F79EFBC}") = "Exercise1.Tests", "..\Exercise1.Tests\Exercise1.Tests.csproj", "{A26CE118-30CC-40AB-AE89-D6190A91DBB2}"
EndProject
Global
	GlobalSection(SolutionConfigurationPlatforms) = preSolution
		Debug|Any CPU = Debug|Any CPU
		Release|Any CPU = Release|Any CPU
	EndGlobalSection
	GlobalSection(ProjectConfigurationPlatforms) = postSolution
		{4176CEE3-B592-465B-95D8-EDAAAE096C63}.Debug|Any CPU.ActiveCfg = Debug|Any CPU
		{4176CEE3-B592-465B-95D8-EDAAAE096C63}.Debug|Any CPU.Build.0 = Debug|Any CPU
		{4176CEE3-B592-465B-95D8-EDAAAE096C63}.Release|Any CPU.ActiveCfg = Release|Any CPU
		{4176CEE3-B592-465B-95D8-EDAAAE096C63}.Release|Any CPU.Build.0 = Release|Any CPU
		{A26CE118-30CC-40AB-AE89-D6190A91DBB2}.Debug|Any CPU.ActiveCfg = Debug|Any CPU
		{A26CE118-30CC-40AB-AE89-D6190A91DBB2}.Debug|Any CPU.Build.0 = Debug|Any CPU
		{A26CE118-30CC-40AB-AE89-D6190A91DBB2}.Release|Any CPU.ActiveCfg = Release|Any CPU
		{A26CE118-30CC-40AB-AE89-D6190A91DBB2}.Release|Any CPU.Build.0 = Release|Any CPU
	EndGlobalSection
	GlobalSection(SolutionProperties) = preSolution
		HideSolutionNode = FALSE
	EndGlobalSection
	GlobalSection(ExtensibilityGlobals) = postSolution
		SolutionGuid = {A22A9034-DAB3-4DD1-AA74-413AEECF0C98}
	EndGlobalSection
EndGlobal
